
Microsoft Visual Studio Solution File, Format Version 12.00
# Visual Studio Version 17
VisualStudioVersion = 17.13.35931.197
MinimumVisualStudioVersion = 10.0.40219.1
Project("{FAE04EC0-301F-11D3-BF4B-00C04F79EFBC}") = "Solicitudes.API", "Solicitudes.API\Solicitudes.API.csproj", "{86B7874F-75CF-4D17-B6A4-3A819E7C2543}"
EndProject
Project("{FAE04EC0-301F-11D3-BF4B-00C04F79EFBC}") = "Solicitudes.API.Aplicacion", "Solicitudes.API.Aplicacion\Solicitudes.API.Aplicacion.csproj", "{856E98ED-E02B-4B49-B59B-6E449B294FF1}"
EndProject
Project("{FAE04EC0-301F-11D3-BF4B-00C04F79EFBC}") = "Solicitudes.API.Entidades", "Solicitudes.API.Entidades\Solicitudes.API.Entidades.csproj", "{31B2769D-6488-4585-8943-28F85F2CE0D3}"
EndProject
Project("{FAE04EC0-301F-11D3-BF4B-00C04F79EFBC}") = "Solicitudes.API.Infraestructura", "Solicitudes.API.Infraestructura\Solicitudes.API.Infraestructura.csproj", "{C978E43B-0C31-4408-9272-E34B15C2FA39}"
EndProject
Global
	GlobalSection(SolutionConfigurationPlatforms) = preSolution
		Debug|Any CPU = Debug|Any CPU
		Release|Any CPU = Release|Any CPU
	EndGlobalSection
	GlobalSection(ProjectConfigurationPlatforms) = postSolution
		{86B7874F-75CF-4D17-B6A4-3A819E7C2543}.Debug|Any CPU.ActiveCfg = Debug|Any CPU
		{86B7874F-75CF-4D17-B6A4-3A819E7C2543}.Debug|Any CPU.Build.0 = Debug|Any CPU
		{86B7874F-75CF-4D17-B6A4-3A819E7C2543}.Release|Any CPU.ActiveCfg = Release|Any CPU
		{86B7874F-75CF-4D17-B6A4-3A819E7C2543}.Release|Any CPU.Build.0 = Release|Any CPU
		{856E98ED-E02B-4B49-B59B-6E449B294FF1}.Debug|Any CPU.ActiveCfg = Debug|Any CPU
		{856E98ED-E02B-4B49-B59B-6E449B294FF1}.Debug|Any CPU.Build.0 = Debug|Any CPU
		{856E98ED-E02B-4B49-B59B-6E449B294FF1}.Release|Any CPU.ActiveCfg = Release|Any CPU
		{856E98ED-E02B-4B49-B59B-6E449B294FF1}.Release|Any CPU.Build.0 = Release|Any CPU
		{31B2769D-6488-4585-8943-28F85F2CE0D3}.Debug|Any CPU.ActiveCfg = Debug|Any CPU
		{31B2769D-6488-4585-8943-28F85F2CE0D3}.Debug|Any CPU.Build.0 = Debug|Any CPU
		{31B2769D-6488-4585-8943-28F85F2CE0D3}.Release|Any CPU.ActiveCfg = Release|Any CPU
		{31B2769D-6488-4585-8943-28F85F2CE0D3}.Release|Any CPU.Build.0 = Release|Any CPU
		{C978E43B-0C31-4408-9272-E34B15C2FA39}.Debug|Any CPU.ActiveCfg = Debug|Any CPU
		{C978E43B-0C31-4408-9272-E34B15C2FA39}.Debug|Any CPU.Build.0 = Debug|Any CPU
		{C978E43B-0C31-4408-9272-E34B15C2FA39}.Release|Any CPU.ActiveCfg = Release|Any CPU
		{C978E43B-0C31-4408-9272-E34B15C2FA39}.Release|Any CPU.Build.0 = Release|Any CPU
	EndGlobalSection
	GlobalSection(SolutionProperties) = preSolution
		HideSolutionNode = FALSE
	EndGlobalSection
	GlobalSection(ExtensibilityGlobals) = postSolution
		SolutionGuid = {FF4E0D62-4B3A-46DB-81E7-C1159624DED0}
	EndGlobalSection
EndGlobal
